
Microsoft Visual Studio Solution File, Format Version 12.00
# Visual Studio Version 17
VisualStudioVersion = 17.3.32804.467
MinimumVisualStudioVersion = 10.0.40219.1
Project("{FAE04EC0-301F-11D3-BF4B-00C04F79EFBC}") = "Task2", "Task2.csproj", "{9682CC61-BD28-4741-8FD7-1CB5ED7B38C9}"
EndProject
Global
	GlobalSection(SolutionConfigurationPlatforms) = preSolution
		Debug|Any CPU = Debug|Any CPU
		Release|Any CPU = Release|Any CPU
	EndGlobalSection
	GlobalSection(ProjectConfigurationPlatforms) = postSolution
		{9682CC61-BD28-4741-8FD7-1CB5ED7B38C9}.Debug|Any CPU.ActiveCfg = Debug|Any CPU
		{9682CC61-BD28-4741-8FD7-1CB5ED7B38C9}.Debug|Any CPU.Build.0 = Debug|Any CPU
		{9682CC61-BD28-4741-8FD7-1CB5ED7B38C9}.Release|Any CPU.ActiveCfg = Release|Any CPU
		{9682CC61-BD28-4741-8FD7-1CB5ED7B38C9}.Release|Any CPU.Build.0 = Release|Any CPU
	EndGlobalSection
	GlobalSection(SolutionProperties) = preSolution
		HideSolutionNode = FALSE
	EndGlobalSection
	GlobalSection(ExtensibilityGlobals) = postSolution
		SolutionGuid = {04DE42FD-1F1F-474F-9A2B-8B2BDB9D350B}
	EndGlobalSection
EndGlobal
